
Microsoft Visual Studio Solution File, Format Version 12.00
# Visual Studio Version 17
VisualStudioVersion = 17.7.34003.232
MinimumVisualStudioVersion = 10.0.40219.1
Project("{8BC9CEB8-8B4A-11D0-8D11-00A0C91BC942}") = "PEFromMemory", "PEFromMemory\PEFromMemory.vcxproj", "{77CA2473-C5B2-4B6D-91ED-A18DDC6A84D2}"
EndProject
Global
	GlobalSection(SolutionConfigurationPlatforms) = preSolution
		Debug|x64 = Debug|x64
		Debug|x86 = Debug|x86
		Release|x64 = Release|x64
		Release|x86 = Release|x86
	EndGlobalSection
	GlobalSection(ProjectConfigurationPlatforms) = postSolution
		{77CA2473-C5B2-4B6D-91ED-A18DDC6A84D2}.Debug|x64.ActiveCfg = Debug|x64
		{77CA2473-C5B2-4B6D-91ED-A18DDC6A84D2}.Debug|x64.Build.0 = Debug|x64
		{77CA2473-C5B2-4B6D-91ED-A18DDC6A84D2}.Debug|x86.ActiveCfg = Debug|Win32
		{77CA2473-C5B2-4B6D-91ED-A18DDC6A84D2}.Debug|x86.Build.0 = Debug|Win32
		{77CA2473-C5B2-4B6D-91ED-A18DDC6A84D2}.Release|x64.ActiveCfg = Release|x64
		{77CA2473-C5B2-4B6D-91ED-A18DDC6A84D2}.Release|x64.Build.0 = Release|x64
		{77CA2473-C5B2-4B6D-91ED-A18DDC6A84D2}.Release|x86.ActiveCfg = Release|Win32
		{77CA2473-C5B2-4B6D-91ED-A18DDC6A84D2}.Release|x86.Build.0 = Release|Win32
	EndGlobalSection
	GlobalSection(SolutionProperties) = preSolution
		HideSolutionNode = FALSE
	EndGlobalSection
	GlobalSection(ExtensibilityGlobals) = postSolution
		SolutionGuid = {2A254681-B07A-4411-B73A-41CE4518E28D}
	EndGlobalSection
EndGlobal
